# This file is autogenerated, do not edit; changes may be undone by the next 'dep ensure'.


[[projects]]
  name = "github.com/Sirupsen/logrus"
  packages = ["."]
  revision = "d682213848ed68c0a260ca37d6dd5ace8423f5ba"
  version = "v1.0.4"

[[projects]]
  name = "github.com/TIBCOSoftware/flogo-contrib"
  packages = ["action/flow","action/flow/definition","action/flow/extension","action/flow/instance","action/flow/model","action/flow/provider","action/flow/script/fggos","action/flow/service","action/flow/support","action/flow/tester","activity/log","model/simple","trigger/rest","trigger/rest/cors"]
  revision = "757754f73368d90d8dcc4f7d1073d3200d037786"
  version = "v0.5.1"

[[projects]]
  name = "github.com/TIBCOSoftware/flogo-lib"
  packages = ["app","config","core/action","core/activity","core/data","core/mapper","core/trigger","engine","engine/runner","logger","util"]
  revision = "2b805c0105ea1c260484a671b0afcafe3c7b83a5"
  version = "v0.5.1"

[[projects]]
  branch = "master"
  name = "github.com/enkhalifapro/fnotifier"
  packages = ["activity/sendemail"]
  revision = "5ac7b240e9f601b22fc9ce99d1d81aef2f5d342b"

[[projects]]
  branch = "master"
  name = "github.com/japm/goScript"
  packages = ["."]
  revision = "caab90145b05376536bbab332312f4812123e197"

[[projects]]
  branch = "master"
  name = "github.com/julienschmidt/httprouter"
  packages = ["."]
  revision = "e1b9828bc9e5904baec057a154c09ca40fe7fae0"

[[projects]]
  branch = "master"
  name = "golang.org/x/crypto"
  packages = ["ssh/terminal"]
  revision = "432090b8f568c018896cd8a0fb0345872bbac6ce"

[[projects]]
  branch = "master"
  name = "golang.org/x/sys"
  packages = ["unix","windows"]
  revision = "37707fdb30a5b38865cfb95e5aab41707daec7fd"

[solve-meta]
  analyzer-name = "dep"
  analyzer-version = 1
  inputs-digest = "ae4f951e30aa5be7852f46f40f98041dcf1c973a8482f82de429b555242d3aaf"
  solver-name = "gps-cdcl"
  solver-version = 1
